DEPENDENCIES
  commons
    path: .
    metadata: true
  commons_test
    path: test/cookbooks/commons_test
  file
    git: https://github.com/jenssegers/chef-patch
    revision: 050c5554efcc024d9a058908280bfb05037f9848
    tag: v1.0.0
  maven
    git: git://github.com/maoo/maven.git
    revision: 3a652591f06335412a0c00ae5148447e1236ac35
    tag: v1.2.0-fork

GRAPH
  7-zip (1.0.2)
    windows (>= 1.2.2)
  apt (6.0.1)
  ark (0.9.0)
    7-zip (>= 0.0.0)
    windows (>= 0.0.0)
  artifact-deployer (0.8.18)
    apt (>= 2.3.10)
    ark (>= 0.9.0)
    file (>= 0.0.0)
    java (>= 1.31.0)
    maven (~> 1.2.0)
    python (>= 1.4.6)
    resolver (>= 1.2.0)
  build-essential (8.0.0)
    mingw (>= 1.1)
    seven_zip (>= 0.0.0)
  chef-sugar (3.4.0)
  commons (0.5.4)
    apt (>= 2.3.10)
    ark (>= 0.9.0)
    artifact-deployer (>= 0.8.18)
    chef-sugar (>= 3.2.0)
    file (>= 2.0.0)
    java (>= 1.31.0)
    line (>= 0.6.3)
    maven (~> 1.2.0)
    python (>= 1.4.6)
    resolver (>= 1.2.0)
    yum-epel (>= 0.6.0)
  commons_test (0.0.1)
    commons (>= 0.0.0)
  compat_resource (12.16.3)
  file (2.0.0)
  homebrew (3.0.0)
  java (1.47.0)
    apt (>= 0.0.0)
    homebrew (>= 0.0.0)
    windows (>= 0.0.0)
  line (0.6.3)
  maven (1.2.0)
    ark (~> 0.4)
    java (~> 1.13)
  mingw (2.0.0)
    seven_zip (>= 0.0.0)
  ohai (5.0.2)
  python (1.4.6)
    build-essential (>= 0.0.0)
    yum-epel (>= 0.0.0)
  resolver (2.0.1)
  seven_zip (2.0.2)
    windows (>= 1.2.2)
  windows (3.0.4)
    ohai (>= 4.0.0)
  yum-epel (2.1.1)
    compat_resource (>= 12.16.3)
